{
  "name": "GSAP Started",
  "version": "1.0.0",
  "lockfileVersion": 1,
  "requires": true,
  "dependencies": {
    "gsap": {
      "version": "npm:gsap@3.5.1",
      "resolved": "http://npm.greensock.com/@gsap%2fmember/-/gsap-3.5.1.tgz",
      "integrity": "sha512-MhHAPy3QQNOg7oYhC4P+kDdmmaR8kDKLvSW30/NoUUG4lAT9Io+khUHoA+0JxFckcr4eNbonE2hhvfi3je6ERg=="
    }
  }
}
